// !$*UTF8*$!
{
	archiveVersion = 1;
	classes = {
	};
	objectVersion = 55;
	objects = {

/* Begin PBXBuildFile section */
		8145DC9329072FAA00C0D04D /* jeanShopApp.swift in Sources */ = {isa = PBXBuildFile; fileRef = 8145DC9229072FAA00C0D04D /* jeanShopApp.swift */; };
		8145DC9529072FAA00C0D04D /* ContentView.swift in Sources */ = {isa = PBXBuildFile; fileRef = 8145DC9429072FAA00C0D04D /* ContentView.swift */; };
		8145DC9729072FAA00C0D04D /* Assets.xcassets in Resources */ = {isa = PBXBuildFile; fileRef = 8145DC9629072FAA00C0D04D /* Assets.xcassets */; };
		8145DC9A29072FAA00C0D04D /* Preview Assets.xcassets in Resources */ = {isa = PBXBuildFile; fileRef = 8145DC9929072FAA00C0D04D /* Preview Assets.xcassets */; };
		8145DCA22907331000C0D04D /* Product.swift in Sources */ = {isa = PBXBuildFile; fileRef = 8145DCA12907331000C0D04D /* Product.swift */; };
		8145DCA52913CE2800C0D04D /* ProductCard.swift in Sources */ = {isa = PBXBuildFile; fileRef = 8145DCA42913CE2800C0D04D /* ProductCard.swift */; };
		8145DCA82913DBCF00C0D04D /* CartButton.swift in Sources */ = {isa = PBXBuildFile; fileRef = 8145DCA72913DBCF00C0D04D /* CartButton.swift */; };
		8145DCAA2913DFD800C0D04D /* CartView.swift in Sources */ = {isa = PBXBuildFile; fileRef = 8145DCA92913DFD800C0D04D /* CartView.swift */; };
		8145DCAC2913E1DA00C0D04D /* CartFunctionality.swift in Sources */ = {isa = PBXBuildFile; fileRef = 8145DCAB2913E1DA00C0D04D /* CartFunctionality.swift */; };
		8145DCAE2913E93D00C0D04D /* ProductRow.swift in Sources */ = {isa = PBXBuildFile; fileRef = 8145DCAD2913E93D00C0D04D /* ProductRow.swift */; };
/* End PBXBuildFile section */

/* Begin PBXFileReference section */
		8145DC8F29072FAA00C0D04D /* jeanShop.app */ = {isa = PBXFileReference; explicitFileType = wrapper.application; includeInIndex = 0; path = jeanShop.app; sourceTree = BUILT_PRODUCTS_DIR; };
		8145DC9229072FAA00C0D04D /* jeanShopApp.swift */ = {isa = PBXFileReference; lastKnownFileType = sourcecode.swift; path = jeanShopApp.swift; sourceTree = "<group>"; };
		8145DC9429072FAA00C0D04D /* ContentView.swift */ = {isa = PBXFileReference; lastKnownFileType = sourcecode.swift; path = ContentView.swift; sourceTree = "<group>"; };
		8145DC9629072FAA00C0D04D /* Assets.xcassets */ = {isa = PBXFileReference; lastKnownFileType = folder.assetcatalog; path = Assets.xcassets; sourceTree = "<group>"; };
		8145DC9929072FAA00C0D04D /* Preview Assets.xcassets */ = {isa = PBXFileReference; lastKnownFileType = folder.assetcatalog; path = "Preview Assets.xcassets"; sourceTree = "<group>"; };
		8145DCA12907331000C0D04D /* Product.swift */ = {isa = PBXFileReference; lastKnownFileType = sourcecode.swift; path = Product.swift; sourceTree = "<group>"; };
		8145DCA42913CE2800C0D04D /* ProductCard.swift */ = {isa = PBXFileReference; lastKnownFileType = sourcecode.swift; path = ProductCard.swift; sourceTree = "<group>"; };
		8145DCA72913DBCF00C0D04D /* CartButton.swift */ = {isa = PBXFileReference; lastKnownFileType = sourcecode.swift; path = CartButton.swift; sourceTree = "<group>"; };
		8145DCA92913DFD800C0D04D /* CartView.swift */ = {isa = PBXFileReference; lastKnownFileType = sourcecode.swift; path = CartView.swift; sourceTree = "<group>"; };
		8145DCAB2913E1DA00C0D04D /* CartFunctionality.swift */ = {isa = PBXFileReference; lastKnownFileType = sourcecode.swift; path = CartFunctionality.swift; sourceTree = "<group>"; };
		8145DCAD2913E93D00C0D04D /* ProductRow.swift */ = {isa = PBXFileReference; lastKnownFileType = sourcecode.swift; path = ProductRow.swift; sourceTree = "<group>"; };
/* End PBXFileReference section */

/* Begin PBXFrameworksBuildPhase section */
		8145DC8C29072FAA00C0D04D /* Frameworks */ = {
			isa = PBXFrameworksBuildPhase;
			buildActionMask = 2147483647;
			files = (
			);
			runOnlyForDeploymentPostprocessing = 0;
		};
/* End PBXFrameworksBuildPhase section */

/* Begin PBXGroup section */
		8145DC8629072FAA00C0D04D = {
			isa = PBXGroup;
			children = (
				8145DC9129072FAA00C0D04D /* jeanShop */,
				8145DC9029072FAA00C0D04D /* Products */,
			);
			sourceTree = "<group>";
		};
		8145DC9029072FAA00C0D04D /* Products */ = {
			isa = PBXGroup;
			children = (
				8145DC8F29072FAA00C0D04D /* jeanShop.app */,
			);
			name = Products;
			sourceTree = "<group>";
		};
		8145DC9129072FAA00C0D04D /* jeanShop */ = {
			isa = PBXGroup;
			children = (
				8145DC9229072FAA00C0D04D /* jeanShopApp.swift */,
				8145DCA62913D6B100C0D04D /* Views */,
				8145DCA32913CDE800C0D04D /* Components */,
				8145DCA0290732EC00C0D04D /* Models */,
				8145DC9629072FAA00C0D04D /* Assets.xcassets */,
				8145DC9829072FAA00C0D04D /* Preview Content */,
				8145DCAB2913E1DA00C0D04D /* CartFunctionality.swift */,
			);
			path = jeanShop;
			sourceTree = "<group>";
		};
		8145DC9829072FAA00C0D04D /* Preview Content */ = {
			isa = PBXGroup;
			children = (
				8145DC9929072FAA00C0D04D /* Preview Assets.xcassets */,
			);
			path = "Preview Content";
			sourceTree = "<group>";
		};
		8145DCA0290732EC00C0D04D /* Models */ = {
			isa = PBXGroup;
			children = (
				8145DCA12907331000C0D04D /* Product.swift */,
			);
			path = Models;
			sourceTree = "<group>";
		};
		8145DCA32913CDE800C0D04D /* Components */ = {
			isa = PBXGroup;
			children = (
				8145DCA42913CE2800C0D04D /* ProductCard.swift */,
				8145DCA72913DBCF00C0D04D /* CartButton.swift */,
				8145DCAD2913E93D00C0D04D /* ProductRow.swift */,
			);
			path = Components;
			sourceTree = "<group>";
		};
		8145DCA62913D6B100C0D04D /* Views */ = {
			isa = PBXGroup;
			children = (
				8145DC9429072FAA00C0D04D /* ContentView.swift */,
				8145DCA92913DFD800C0D04D /* CartView.swift */,
			);
			path = Views;
			sourceTree = "<group>";
		};
/* End PBXGroup section */

/* Begin PBXNativeTarget section */
		8145DC8E29072FAA00C0D04D /* jeanShop */ = {
			isa = PBXNativeTarget;
			buildConfigurationList = 8145DC9D29072FAA00C0D04D /* Build configuration list for PBXNativeTarget "jeanShop" */;
			buildPhases = (
				8145DC8B29072FAA00C0D04D /* Sources */,
				8145DC8C29072FAA00C0D04D /* Frameworks */,
				8145DC8D29072FAA00C0D04D /* Resources */,
			);
			buildRules = (
			);
			dependencies = (
			);
			name = jeanShop;
			productName = jeanShop;
			productReference = 8145DC8F29072FAA00C0D04D /* jeanShop.app */;
			productType = "com.apple.product-type.application";
		};
/* End PBXNativeTarget section */

/* Begin PBXProject section */
		8145DC8729072FAA00C0D04D /* Project object */ = {
			isa = PBXProject;
			attributes = {
				BuildIndependentTargetsInParallel = 1;
				LastSwiftUpdateCheck = 1340;
				LastUpgradeCheck = 1340;
				TargetAttributes = {
					8145DC8E29072FAA00C0D04D = {
						CreatedOnToolsVersion = 13.4.1;
					};
				};
			};
			buildConfigurationList = 8145DC8A29072FAA00C0D04D /* Build configuration list for PBXProject "jeanShop" */;
			compatibilityVersion = "Xcode 13.0";
			developmentRegion = en;
			hasScannedForEncodings = 0;
			knownRegions = (
				en,
				Base,
			);
			mainGroup = 8145DC8629072FAA00C0D04D;
			productRefGroup = 8145DC9029072FAA00C0D04D /* Products */;
			projectDirPath = "";
			projectRoot = "";
			targets = (
				8145DC8E29072FAA00C0D04D /* jeanShop */,
			);
		};
/* End PBXProject section */

/* Begin PBXResourcesBuildPhase section */
		8145DC8D29072FAA00C0D04D /* Resources */ = {
			isa = PBXResourcesBuildPhase;
			buildActionMask = 2147483647;
			files = (
				8145DC9A29072FAA00C0D04D /* Preview Assets.xcassets in Resources */,
				8145DC9729072FAA00C0D04D /* Assets.xcassets in Resources */,
			);
			runOnlyForDeploymentPostprocessing = 0;
		};
/* End PBXResourcesBuildPhase section */

/* Begin PBXSourcesBuildPhase section */
		8145DC8B29072FAA00C0D04D /* Sources */ = {
			isa = PBXSourcesBuildPhase;
			buildActionMask = 2147483647;
			files = (
				8145DCAA2913DFD800C0D04D /* CartView.swift in Sources */,
				8145DC9529072FAA00C0D04D /* ContentView.swift in Sources */,
				8145DC9329072FAA00C0D04D /* jeanShopApp.swift in Sources */,
				8145DCA22907331000C0D04D /* Product.swift in Sources */,
				8145DCAE2913E93D00C0D04D /* ProductRow.swift in Sources */,
				8145DCA52913CE2800C0D04D /* ProductCard.swift in Sources */,
				8145DCA82913DBCF00C0D04D /* CartButton.swift in Sources */,
				8145DCAC2913E1DA00C0D04D /* CartFunctionality.swift in Sources */,
			);
			runOnlyForDeploymentPostprocessing = 0;
		};
/* End PBXSourcesBuildPhase section */

/* Begin XCBuildConfiguration section */
		8145DC9B29072FAA00C0D04D /* Debug */ = {
			isa = XCBuildConfiguration;
			buildSettings = {
				ALWAYS_SEARCH_USER_PATHS = NO;
				CLANG_ANALYZER_NONNULL = YES;
				CLANG_ANALYZER_NUMBER_OBJECT_CONVERSION = YES_AGGRESSIVE;
				CLANG_CXX_LANGUAGE_STANDARD = "gnu++17";
				CLANG_ENABLE_MODULES = YES;
				CLANG_ENABLE_OBJC_ARC = YES;
				CLANG_ENABLE_OBJC_WEAK = YES;
				CLANG_WARN_BLOCK_CAPTURE_AUTORELEASING = YES;
				CLANG_WARN_BOOL_CONVERSION = YES;
				CLANG_WARN_COMMA = YES;
				CLANG_WARN_CONSTANT_CONVERSION = YES;
				CLANG_WARN_DEPRECATED_OBJC_IMPLEMENTATIONS = YES;
				CLANG_WARN_DIRECT_OBJC_ISA_USAGE = YES_ERROR;
				CLANG_WARN_DOCUMENTATION_COMMENTS = YES;
				CLANG_WARN_EMPTY_BODY = YES;
				CLANG_WARN_ENUM_CONVERSION = YES;
				CLANG_WARN_INFINITE_RECURSION = YES;
				CLANG_WARN_INT_CONVERSION = YES;
				CLANG_WARN_NON_LITERAL_NULL_CONVERSION = YES;
				CLANG_WARN_OBJC_IMPLICIT_RETAIN_SELF = YES;
				CLANG_WARN_OBJC_LITERAL_CONVERSION = YES;
				CLANG_WARN_OBJC_ROOT_CLASS = YES_ERROR;
				CLANG_WARN_QUOTED_INCLUDE_IN_FRAMEWORK_HEADER = YES;
				CLANG_WARN_RANGE_LOOP_ANALYSIS = YES;
				CLANG_WARN_STRICT_PROTOTYPES = YES;
				CLANG_WARN_SUSPICIOUS_MOVE = YES;
				CLANG_WARN_UNGUARDED_AVAILABILITY = YES_AGGRESSIVE;
				CLANG_WARN_UNREACHABLE_CODE = YES;
				CLANG_WARN__DUPLICATE_METHOD_MATCH = YES;
				COPY_PHASE_STRIP = NO;
				DEBUG_INFORMATION_FORMAT = dwarf;
				ENABLE_STRICT_OBJC_MSGSEND = YES;
				ENABLE_TESTABILITY = YES;
				GCC_C_LANGUAGE_STANDARD = gnu11;
				GCC_DYNAMIC_NO_PIC = NO;
				GCC_NO_COMMON_BLOCKS = YES;
				GCC_OPTIMIZATION_LEVEL = 0;
				GCC_PREPROCESSOR_DEFINITIONS = (
					"DEBUG=1",
					"$(inherited)",
				);
				GCC_WARN_64_TO_32_BIT_CONVERSION = YES;
				GCC_WARN_ABOUT_RETURN_TYPE = YES_ERROR;
				GCC_WARN_UNDECLARED_SELECTOR = YES;
				GCC_WARN_UNINITIALIZED_AUTOS = YES_AGGRESSIVE;
				GCC_WARN_UNUSED_FUNCTION = YES;
				GCC_WARN_UNUSED_VARIABLE = YES;
				IPHONEOS_DEPLOYMENT_TARGET = 15.5;
				MTL_ENABLE_DEBUG_INFO = INCLUDE_SOURCE;
				MTL_FAST_MATH = YES;
				ONLY_ACTIVE_ARCH = YES;
				SDKROOT = iphoneos;
				SWIFT_ACTIVE_COMPILATION_CONDITIONS = DEBUG;
				SWIFT_OPTIMIZATION_LEVEL = "-Onone";
			};
			name = Debug;
		};
		8145DC9C29072FAA00C0D04D /* Release */ = {
			isa = XCBuildConfiguration;
			buildSettings = {
				ALWAYS_SEARCH_USER_PATHS = NO;
				CLANG_ANALYZER_NONNULL = YES;
				CLANG_ANALYZER_NUMBER_OBJECT_CONVERSION = YES_AGGRESSIVE;
				CLANG_CXX_LANGUAGE_STANDARD = "gnu++17";
				CLANG_ENABLE_MODULES = YES;
				CLANG_ENABLE_OBJC_ARC = YES;
				CLANG_ENABLE_OBJC_WEAK = YES;
				CLANG_WARN_BLOCK_CAPTURE_AUTORELEASING = YES;
				CLANG_WARN_BOOL_CONVERSION = YES;
				CLANG_WARN_COMMA = YES;
				CLANG_WARN_CONSTANT_CONVERSION = YES;
				CLANG_WARN_DEPRECATED_OBJC_IMPLEMENTATIONS = YES;
				CLANG_WARN_DIRECT_OBJC_ISA_USAGE = YES_ERROR;
				CLANG_WARN_DOCUMENTATION_COMMENTS = YES;
				CLANG_WARN_EMPTY_BODY = YES;
				CLANG_WARN_ENUM_CONVERSION = YES;
				CLANG_WARN_INFINITE_RECURSION = YES;
				CLANG_WARN_INT_CONVERSION = YES;
				CLANG_WARN_NON_LITERAL_NULL_CONVERSION = YES;
				CLANG_WARN_OBJC_IMPLICIT_RETAIN_SELF = YES;
				CLANG_WARN_OBJC_LITERAL_CONVERSION = YES;
				CLANG_WARN_OBJC_ROOT_CLASS = YES_ERROR;
				CLANG_WARN_QUOTED_INCLUDE_IN_FRAMEWORK_HEADER = YES;
				CLANG_WARN_RANGE_LOOP_ANALYSIS = YES;
				CLANG_WARN_STRICT_PROTOTYPES = YES;
				CLANG_WARN_SUSPICIOUS_MOVE = YES;
				CLANG_WARN_UNGUARDED_AVAILABILITY = YES_AGGRESSIVE;
				CLANG_WARN_UNREACHABLE_CODE = YES;
				CLANG_WARN__DUPLICATE_METHOD_MATCH = YES;
				COPY_PHASE_STRIP = NO;
				DEBUG_INFORMATION_FORMAT = "dwarf-with-dsym";
				ENABLE_NS_ASSERTIONS = NO;
				ENABLE_STRICT_OBJC_MSGSEND = YES;
				GCC_C_LANGUAGE_STANDARD = gnu11;
				GCC_NO_COMMON_BLOCKS = YES;
				GCC_WARN_64_TO_32_BIT_CONVERSION = YES;
				GCC_WARN_ABOUT_RETURN_TYPE = YES_ERROR;
				GCC_WARN_UNDECLARED_SELECTOR = YES;
				GCC_WARN_UNINITIALIZED_AUTOS = YES_AGGRESSIVE;
				GCC_WARN_UNUSED_FUNCTION = YES;
				GCC_WARN_UNUSED_VARIABLE = YES;
				IPHONEOS_DEPLOYMENT_TARGET = 15.5;
				MTL_ENABLE_DEBUG_INFO = NO;
				MTL_FAST_MATH = YES;
				SDKROOT = iphoneos;
				SWIFT_COMPILATION_MODE = wholemodule;
				SWIFT_OPTIMIZATION_LEVEL = "-O";
				VALIDATE_PRODUCT = YES;
			};
			name = Release;
		};
		8145DC9E29072FAA00C0D04D /* Debug */ = {
			isa = XCBuildConfiguration;
			buildSettings = {
				ASSETCATALOG_COMPILER_APPICON_NAME = AppIcon;
				ASSETCATALOG_COMPILER_GLOBAL_ACCENT_COLOR_NAME = AccentColor;
				CODE_SIGN_STYLE = Automatic;
				CURRENT_PROJECT_VERSION = 1;
				DEVELOPMENT_ASSET_PATHS = "\"jeanShop/Preview Content\"";
				DEVELOPMENT_TEAM = DZ5683R33Z;
				ENABLE_PREVIEWS = YES;
				GENERATE_INFOPLIST_FILE = YES;
				INFOPLIST_KEY_UIApplicationSceneManifest_Generation = YES;
				INFOPLIST_KEY_UIApplicationSupportsIndirectInputEvents = YES;
				INFOPLIST_KEY_UILaunchScreen_Generation = YES;
				INFOPLIST_KEY_UISupportedInterfaceOrientations_iPad = "UIInterfaceOrientationPortrait UIInterfaceOrientationPortraitUpsideDown UIInterfaceOrientationLandscapeLeft UIInterfaceOrientationLandscapeRight";
				INFOPLIST_KEY_UISupportedInterfaceOrientations_iPhone = "UIInterfaceOrientationPortrait UIInterfaceOrientationLandscapeLeft UIInterfaceOrientationLandscapeRight";
				LD_RUNPATH_SEARCH_PATHS = (
					"$(inherited)",
					"@executable_path/Frameworks",
				);
				MARKETING_VERSION = 1.0;
				PRODUCT_BUNDLE_IDENTIFIER = io.shopdesign.jeanShop;
				PRODUCT_NAME = "$(TARGET_NAME)";
				SWIFT_EMIT_LOC_STRINGS = YES;
				SWIFT_VERSION = 5.0;
				TARGETED_DEVICE_FAMILY = "1,2";
			};
			name = Debug;
		};
		8145DC9F29072FAA00C0D04D /* Release */ = {
			isa = XCBuildConfiguration;
			buildSettings = {
				ASSETCATALOG_COMPILER_APPICON_NAME = AppIcon;
				ASSETCATALOG_COMPILER_GLOBAL_ACCENT_COLOR_NAME = AccentColor;
				CODE_SIGN_STYLE = Automatic;
				CURRENT_PROJECT_VERSION = 1;
				DEVELOPMENT_ASSET_PATHS = "\"jeanShop/Preview Content\"";
				DEVELOPMENT_TEAM = DZ5683R33Z;
				ENABLE_PREVIEWS = YES;
				GENERATE_INFOPLIST_FILE = YES;
				INFOPLIST_KEY_UIApplicationSceneManifest_Generation = YES;
				INFOPLIST_KEY_UIApplicationSupportsIndirectInputEvents = YES;
				INFOPLIST_KEY_UILaunchScreen_Generation = YES;
				INFOPLIST_KEY_UISupportedInterfaceOrientations_iPad = "UIInterfaceOrientationPortrait UIInterfaceOrientationPortraitUpsideDown UIInterfaceOrientationLandscapeLeft UIInterfaceOrientationLandscapeRight";
				INFOPLIST_KEY_UISupportedInterfaceOrientations_iPhone = "UIInterfaceOrientationPortrait UIInterfaceOrientationLandscapeLeft UIInterfaceOrientationLandscapeRight";
				LD_RUNPATH_SEARCH_PATHS = (
					"$(inherited)",
					"@executable_path/Frameworks",
				);
				MARKETING_VERSION = 1.0;
				PRODUCT_BUNDLE_IDENTIFIER = io.shopdesign.jeanShop;
				PRODUCT_NAME = "$(TARGET_NAME)";
				SWIFT_EMIT_LOC_STRINGS = YES;
				SWIFT_VERSION = 5.0;
				TARGETED_DEVICE_FAMILY = "1,2";
			};
			name = Release;
		};
/* End XCBuildConfiguration section */

/* Begin XCConfigurationList section */
		8145DC8A29072FAA00C0D04D /* Build configuration list for PBXProject "jeanShop" */ = {
			isa = XCConfigurationList;
			buildConfigurations = (
				8145DC9B29072FAA00C0D04D /* Debug */,
				8145DC9C29072FAA00C0D04D /* Release */,
			);
			defaultConfigurationIsVisible = 0;
			defaultConfigurationName = Release;
		};
		8145DC9D29072FAA00C0D04D /* Build configuration list for PBXNativeTarget "jeanShop" */ = {
			isa = XCConfigurationList;
			buildConfigurations = (
				8145DC9E29072FAA00C0D04D /* Debug */,
				8145DC9F29072FAA00C0D04D /* Release */,
			);
			defaultConfigurationIsVisible = 0;
			defaultConfigurationName = Release;
		};
/* End XCConfigurationList section */
	};
	rootObject = 8145DC8729072FAA00C0D04D /* Project object */;
}
